// !$*UTF8*$!
{
	archiveVersion = 1;
	classes = {
	};
	objectVersion = 56;
	objects = {

/* Begin PBXBuildFile section */
		500DDA1029254E420057FB75 /* AppDelegate.swift in Sources */ = {isa = PBXBuildFile; fileRef = 500DDA0F29254E420057FB75 /* AppDelegate.swift */; };
		500DDA1229254E420057FB75 /* SceneDelegate.swift in Sources */ = {isa = PBXBuildFile; fileRef = 500DDA1129254E420057FB75 /* SceneDelegate.swift */; };
		500DDA1429254E420057FB75 /* TabBarViewController.swift in Sources */ = {isa = PBXBuildFile; fileRef = 500DDA1329254E420057FB75 /* TabBarViewController.swift */; };
		500DDA1929254E440057FB75 /* Assets.xcassets in Resources */ = {isa = PBXBuildFile; fileRef = 500DDA1829254E440057FB75 /* Assets.xcassets */; };
		500DDA1C29254E440057FB75 /* LaunchScreen.storyboard in Resources */ = {isa = PBXBuildFile; fileRef = 500DDA1A29254E440057FB75 /* LaunchScreen.storyboard */; };
		500DDA2C2925536F0057FB75 /* DateContract.swift in Sources */ = {isa = PBXBuildFile; fileRef = 500DDA272925536F0057FB75 /* DateContract.swift */; };
		500DDA2D2925536F0057FB75 /* DatePresenter.swift in Sources */ = {isa = PBXBuildFile; fileRef = 500DDA282925536F0057FB75 /* DatePresenter.swift */; };
		500DDA2E2925536F0057FB75 /* DateRouter.swift in Sources */ = {isa = PBXBuildFile; fileRef = 500DDA292925536F0057FB75 /* DateRouter.swift */; };
		500DDA2F2925536F0057FB75 /* DateViewController.swift in Sources */ = {isa = PBXBuildFile; fileRef = 500DDA2A2925536F0057FB75 /* DateViewController.swift */; };
		500DDA302925536F0057FB75 /* DateInteractor.swift in Sources */ = {isa = PBXBuildFile; fileRef = 500DDA2B2925536F0057FB75 /* DateInteractor.swift */; };
		500DDA36292553C30057FB75 /* MemoriesContract.swift in Sources */ = {isa = PBXBuildFile; fileRef = 500DDA31292553C30057FB75 /* MemoriesContract.swift */; };
		500DDA37292553C30057FB75 /* MemoriesPresenter.swift in Sources */ = {isa = PBXBuildFile; fileRef = 500DDA32292553C30057FB75 /* MemoriesPresenter.swift */; };
		500DDA38292553C30057FB75 /* MemoriesRouter.swift in Sources */ = {isa = PBXBuildFile; fileRef = 500DDA33292553C30057FB75 /* MemoriesRouter.swift */; };
		500DDA39292553C30057FB75 /* MemoriesViewController.swift in Sources */ = {isa = PBXBuildFile; fileRef = 500DDA34292553C30057FB75 /* MemoriesViewController.swift */; };
		500DDA3A292553C30057FB75 /* MemoriesInteractor.swift in Sources */ = {isa = PBXBuildFile; fileRef = 500DDA35292553C30057FB75 /* MemoriesInteractor.swift */; };
/* End PBXBuildFile section */

/* Begin PBXFileReference section */
		500DDA0C29254E420057FB75 /* Love&Sex&Memories.app */ = {isa = PBXFileReference; explicitFileType = wrapper.application; includeInIndex = 0; path = "Love&Sex&Memories.app"; sourceTree = BUILT_PRODUCTS_DIR; };
		500DDA0F29254E420057FB75 /* AppDelegate.swift */ = {isa = PBXFileReference; lastKnownFileType = sourcecode.swift; path = AppDelegate.swift; sourceTree = "<group>"; };
		500DDA1129254E420057FB75 /* SceneDelegate.swift */ = {isa = PBXFileReference; lastKnownFileType = sourcecode.swift; path = SceneDelegate.swift; sourceTree = "<group>"; };
		500DDA1329254E420057FB75 /* TabBarViewController.swift */ = {isa = PBXFileReference; lastKnownFileType = sourcecode.swift; path = TabBarViewController.swift; sourceTree = "<group>"; };
		500DDA1829254E440057FB75 /* Assets.xcassets */ = {isa = PBXFileReference; lastKnownFileType = folder.assetcatalog; path = Assets.xcassets; sourceTree = "<group>"; };
		500DDA1B29254E440057FB75 /* Base */ = {isa = PBXFileReference; lastKnownFileType = file.storyboard; name = Base; path = Base.lproj/LaunchScreen.storyboard; sourceTree = "<group>"; };
		500DDA1D29254E440057FB75 /* Info.plist */ = {isa = PBXFileReference; lastKnownFileType = text.plist.xml; path = Info.plist; sourceTree = "<group>"; };
		500DDA272925536F0057FB75 /* DateContract.swift */ = {isa = PBXFileReference; lastKnownFileType = sourcecode.swift; path = DateContract.swift; sourceTree = "<group>"; };
		500DDA282925536F0057FB75 /* DatePresenter.swift */ = {isa = PBXFileReference; lastKnownFileType = sourcecode.swift; path = DatePresenter.swift; sourceTree = "<group>"; };
		500DDA292925536F0057FB75 /* DateRouter.swift */ = {isa = PBXFileReference; lastKnownFileType = sourcecode.swift; path = DateRouter.swift; sourceTree = "<group>"; };
		500DDA2A2925536F0057FB75 /* DateViewController.swift */ = {isa = PBXFileReference; lastKnownFileType = sourcecode.swift; path = DateViewController.swift; sourceTree = "<group>"; };
		500DDA2B2925536F0057FB75 /* DateInteractor.swift */ = {isa = PBXFileReference; lastKnownFileType = sourcecode.swift; path = DateInteractor.swift; sourceTree = "<group>"; };
		500DDA31292553C30057FB75 /* MemoriesContract.swift */ = {isa = PBXFileReference; lastKnownFileType = sourcecode.swift; path = MemoriesContract.swift; sourceTree = "<group>"; };
		500DDA32292553C30057FB75 /* MemoriesPresenter.swift */ = {isa = PBXFileReference; lastKnownFileType = sourcecode.swift; path = MemoriesPresenter.swift; sourceTree = "<group>"; };
		500DDA33292553C30057FB75 /* MemoriesRouter.swift */ = {isa = PBXFileReference; lastKnownFileType = sourcecode.swift; path = MemoriesRouter.swift; sourceTree = "<group>"; };
		500DDA34292553C30057FB75 /* MemoriesViewController.swift */ = {isa = PBXFileReference; lastKnownFileType = sourcecode.swift; path = MemoriesViewController.swift; sourceTree = "<group>"; };
		500DDA35292553C30057FB75 /* MemoriesInteractor.swift */ = {isa = PBXFileReference; lastKnownFileType = sourcecode.swift; path = MemoriesInteractor.swift; sourceTree = "<group>"; };
/* End PBXFileReference section */

/* Begin PBXFrameworksBuildPhase section */
		500DDA0929254E420057FB75 /* Frameworks */ = {
			isa = PBXFrameworksBuildPhase;
			buildActionMask = 2147483647;
			files = (
			);
			runOnlyForDeploymentPostprocessing = 0;
		};
/* End PBXFrameworksBuildPhase section */

/* Begin PBXGroup section */
		500DDA0329254E420057FB75 = {
			isa = PBXGroup;
			children = (
				500DDA0E29254E420057FB75 /* Love&Sex&Memories */,
				500DDA0D29254E420057FB75 /* Products */,
			);
			sourceTree = "<group>";
		};
		500DDA0D29254E420057FB75 /* Products */ = {
			isa = PBXGroup;
			children = (
				500DDA0C29254E420057FB75 /* Love&Sex&Memories.app */,
			);
			name = Products;
			sourceTree = "<group>";
		};
		500DDA0E29254E420057FB75 /* Love&Sex&Memories */ = {
			isa = PBXGroup;
			children = (
				500DDA3B2925591A0057FB75 /* Modules */,
				500DDA252925511A0057FB75 /* Helpers */,
				500DDA26292551280057FB75 /* Resources */,
			);
			path = "Love&Sex&Memories";
			sourceTree = "<group>";
		};
		500DDA23292550F20057FB75 /* Memories */ = {
			isa = PBXGroup;
			children = (
				500DDA31292553C30057FB75 /* MemoriesContract.swift */,
				500DDA32292553C30057FB75 /* MemoriesPresenter.swift */,
				500DDA33292553C30057FB75 /* MemoriesRouter.swift */,
				500DDA34292553C30057FB75 /* MemoriesViewController.swift */,
				500DDA35292553C30057FB75 /* MemoriesInteractor.swift */,
			);
			path = Memories;
			sourceTree = "<group>";
		};
		500DDA24292551010057FB75 /* Date */ = {
			isa = PBXGroup;
			children = (
				500DDA272925536F0057FB75 /* DateContract.swift */,
				500DDA282925536F0057FB75 /* DatePresenter.swift */,
				500DDA292925536F0057FB75 /* DateRouter.swift */,
				500DDA2A2925536F0057FB75 /* DateViewController.swift */,
				500DDA2B2925536F0057FB75 /* DateInteractor.swift */,
			);
			path = Date;
			sourceTree = "<group>";
		};
		500DDA252925511A0057FB75 /* Helpers */ = {
			isa = PBXGroup;
			children = (
				500DDA1D29254E440057FB75 /* Info.plist */,
				500DDA1A29254E440057FB75 /* LaunchScreen.storyboard */,
				500DDA1829254E440057FB75 /* Assets.xcassets */,
			);
			path = Helpers;
			sourceTree = "<group>";
		};
		500DDA26292551280057FB75 /* Resources */ = {
			isa = PBXGroup;
			children = (
				500DDA1329254E420057FB75 /* TabBarViewController.swift */,
				500DDA0F29254E420057FB75 /* AppDelegate.swift */,
				500DDA1129254E420057FB75 /* SceneDelegate.swift */,
			);
			path = Resources;
			sourceTree = "<group>";
		};
		500DDA3B2925591A0057FB75 /* Modules */ = {
			isa = PBXGroup;
			children = (
				500DDA24292551010057FB75 /* Date */,
				500DDA23292550F20057FB75 /* Memories */,
			);
			path = Modules;
			sourceTree = "<group>";
		};
/* End PBXGroup section */

/* Begin PBXNativeTarget section */
		500DDA0B29254E420057FB75 /* Love&Sex&Memories */ = {
			isa = PBXNativeTarget;
			buildConfigurationList = 500DDA2029254E440057FB75 /* Build configuration list for PBXNativeTarget "Love&Sex&Memories" */;
			buildPhases = (
				500DDA0829254E420057FB75 /* Sources */,
				500DDA0929254E420057FB75 /* Frameworks */,
				500DDA0A29254E420057FB75 /* Resources */,
			);
			buildRules = (
			);
			dependencies = (
			);
			name = "Love&Sex&Memories";
			productName = "Love&Sex&Memories";
			productReference = 500DDA0C29254E420057FB75 /* Love&Sex&Memories.app */;
			productType = "com.apple.product-type.application";
		};
/* End PBXNativeTarget section */

/* Begin PBXProject section */
		500DDA0429254E420057FB75 /* Project object */ = {
			isa = PBXProject;
			attributes = {
				BuildIndependentTargetsInParallel = 1;
				LastSwiftUpdateCheck = 1410;
				LastUpgradeCheck = 1410;
				TargetAttributes = {
					500DDA0B29254E420057FB75 = {
						CreatedOnToolsVersion = 14.1;
					};
				};
			};
			buildConfigurationList = 500DDA0729254E420057FB75 /* Build configuration list for PBXProject "Love&Sex&Memories" */;
			compatibilityVersion = "Xcode 14.0";
			developmentRegion = en;
			hasScannedForEncodings = 0;
			knownRegions = (
				en,
				Base,
			);
			mainGroup = 500DDA0329254E420057FB75;
			productRefGroup = 500DDA0D29254E420057FB75 /* Products */;
			projectDirPath = "";
			projectRoot = "";
			targets = (
				500DDA0B29254E420057FB75 /* Love&Sex&Memories */,
			);
		};
/* End PBXProject section */

/* Begin PBXResourcesBuildPhase section */
		500DDA0A29254E420057FB75 /* Resources */ = {
			isa = PBXResourcesBuildPhase;
			buildActionMask = 2147483647;
			files = (
				500DDA1C29254E440057FB75 /* LaunchScreen.storyboard in Resources */,
				500DDA1929254E440057FB75 /* Assets.xcassets in Resources */,
			);
			runOnlyForDeploymentPostprocessing = 0;
		};
/* End PBXResourcesBuildPhase section */

/* Begin PBXSourcesBuildPhase section */
		500DDA0829254E420057FB75 /* Sources */ = {
			isa = PBXSourcesBuildPhase;
			buildActionMask = 2147483647;
			files = (
				500DDA3A292553C30057FB75 /* MemoriesInteractor.swift in Sources */,
				500DDA36292553C30057FB75 /* MemoriesContract.swift in Sources */,
				500DDA302925536F0057FB75 /* DateInteractor.swift in Sources */,
				500DDA2E2925536F0057FB75 /* DateRouter.swift in Sources */,
				500DDA39292553C30057FB75 /* MemoriesViewController.swift in Sources */,
				500DDA1429254E420057FB75 /* TabBarViewController.swift in Sources */,
				500DDA2F2925536F0057FB75 /* DateViewController.swift in Sources */,
				500DDA37292553C30057FB75 /* MemoriesPresenter.swift in Sources */,
				500DDA2C2925536F0057FB75 /* DateContract.swift in Sources */,
				500DDA2D2925536F0057FB75 /* DatePresenter.swift in Sources */,
				500DDA38292553C30057FB75 /* MemoriesRouter.swift in Sources */,
				500DDA1029254E420057FB75 /* AppDelegate.swift in Sources */,
				500DDA1229254E420057FB75 /* SceneDelegate.swift in Sources */,
			);
			runOnlyForDeploymentPostprocessing = 0;
		};
/* End PBXSourcesBuildPhase section */

/* Begin PBXVariantGroup section */
		500DDA1A29254E440057FB75 /* LaunchScreen.storyboard */ = {
			isa = PBXVariantGroup;
			children = (
				500DDA1B29254E440057FB75 /* Base */,
			);
			name = LaunchScreen.storyboard;
			sourceTree = "<group>";
		};
/* End PBXVariantGroup section */

/* Begin XCBuildConfiguration section */
		500DDA1E29254E440057FB75 /* Debug */ = {
			isa = XCBuildConfiguration;
			buildSettings = {
				ALWAYS_SEARCH_USER_PATHS = NO;
				CLANG_ANALYZER_NONNULL = YES;
				CLANG_ANALYZER_NUMBER_OBJECT_CONVERSION = YES_AGGRESSIVE;
				CLANG_CXX_LANGUAGE_STANDARD = "gnu++20";
				CLANG_ENABLE_MODULES = YES;
				CLANG_ENABLE_OBJC_ARC = YES;
				CLANG_ENABLE_OBJC_WEAK = YES;
				CLANG_WARN_BLOCK_CAPTURE_AUTORELEASING = YES;
				CLANG_WARN_BOOL_CONVERSION = YES;
				CLANG_WARN_COMMA = YES;
				CLANG_WARN_CONSTANT_CONVERSION = YES;
				CLANG_WARN_DEPRECATED_OBJC_IMPLEMENTATIONS = YES;
				CLANG_WARN_DIRECT_OBJC_ISA_USAGE = YES_ERROR;
				CLANG_WARN_DOCUMENTATION_COMMENTS = YES;
				CLANG_WARN_EMPTY_BODY = YES;
				CLANG_WARN_ENUM_CONVERSION = YES;
				CLANG_WARN_INFINITE_RECURSION = YES;
				CLANG_WARN_INT_CONVERSION = YES;
				CLANG_WARN_NON_LITERAL_NULL_CONVERSION = YES;
				CLANG_WARN_OBJC_IMPLICIT_RETAIN_SELF = YES;
				CLANG_WARN_OBJC_LITERAL_CONVERSION = YES;
				CLANG_WARN_OBJC_ROOT_CLASS = YES_ERROR;
				CLANG_WARN_QUOTED_INCLUDE_IN_FRAMEWORK_HEADER = YES;
				CLANG_WARN_RANGE_LOOP_ANALYSIS = YES;
				CLANG_WARN_STRICT_PROTOTYPES = YES;
				CLANG_WARN_SUSPICIOUS_MOVE = YES;
				CLANG_WARN_UNGUARDED_AVAILABILITY = YES_AGGRESSIVE;
				CLANG_WARN_UNREACHABLE_CODE = YES;
				CLANG_WARN__DUPLICATE_METHOD_MATCH = YES;
				COPY_PHASE_STRIP = NO;
				DEBUG_INFORMATION_FORMAT = dwarf;
				ENABLE_STRICT_OBJC_MSGSEND = YES;
				ENABLE_TESTABILITY = YES;
				GCC_C_LANGUAGE_STANDARD = gnu11;
				GCC_DYNAMIC_NO_PIC = NO;
				GCC_NO_COMMON_BLOCKS = YES;
				GCC_OPTIMIZATION_LEVEL = 0;
				GCC_PREPROCESSOR_DEFINITIONS = (
					"DEBUG=1",
					"$(inherited)",
				);
				GCC_WARN_64_TO_32_BIT_CONVERSION = YES;
				GCC_WARN_ABOUT_RETURN_TYPE = YES_ERROR;
				GCC_WARN_UNDECLARED_SELECTOR = YES;
				GCC_WARN_UNINITIALIZED_AUTOS = YES_AGGRESSIVE;
				GCC_WARN_UNUSED_FUNCTION = YES;
				GCC_WARN_UNUSED_VARIABLE = YES;
				IPHONEOS_DEPLOYMENT_TARGET = 16.1;
				MTL_ENABLE_DEBUG_INFO = INCLUDE_SOURCE;
				MTL_FAST_MATH = YES;
				ONLY_ACTIVE_ARCH = YES;
				SDKROOT = iphoneos;
				SWIFT_ACTIVE_COMPILATION_CONDITIONS = DEBUG;
				SWIFT_OPTIMIZATION_LEVEL = "-Onone";
			};
			name = Debug;
		};
		500DDA1F29254E440057FB75 /* Release */ = {
			isa = XCBuildConfiguration;
			buildSettings = {
				ALWAYS_SEARCH_USER_PATHS = NO;
				CLANG_ANALYZER_NONNULL = YES;
				CLANG_ANALYZER_NUMBER_OBJECT_CONVERSION = YES_AGGRESSIVE;
				CLANG_CXX_LANGUAGE_STANDARD = "gnu++20";
				CLANG_ENABLE_MODULES = YES;
				CLANG_ENABLE_OBJC_ARC = YES;
				CLANG_ENABLE_OBJC_WEAK = YES;
				CLANG_WARN_BLOCK_CAPTURE_AUTORELEASING = YES;
				CLANG_WARN_BOOL_CONVERSION = YES;
				CLANG_WARN_COMMA = YES;
				CLANG_WARN_CONSTANT_CONVERSION = YES;
				CLANG_WARN_DEPRECATED_OBJC_IMPLEMENTATIONS = YES;
				CLANG_WARN_DIRECT_OBJC_ISA_USAGE = YES_ERROR;
				CLANG_WARN_DOCUMENTATION_COMMENTS = YES;
				CLANG_WARN_EMPTY_BODY = YES;
				CLANG_WARN_ENUM_CONVERSION = YES;
				CLANG_WARN_INFINITE_RECURSION = YES;
				CLANG_WARN_INT_CONVERSION = YES;
				CLANG_WARN_NON_LITERAL_NULL_CONVERSION = YES;
				CLANG_WARN_OBJC_IMPLICIT_RETAIN_SELF = YES;
				CLANG_WARN_OBJC_LITERAL_CONVERSION = YES;
				CLANG_WARN_OBJC_ROOT_CLASS = YES_ERROR;
				CLANG_WARN_QUOTED_INCLUDE_IN_FRAMEWORK_HEADER = YES;
				CLANG_WARN_RANGE_LOOP_ANALYSIS = YES;
				CLANG_WARN_STRICT_PROTOTYPES = YES;
				CLANG_WARN_SUSPICIOUS_MOVE = YES;
				CLANG_WARN_UNGUARDED_AVAILABILITY = YES_AGGRESSIVE;
				CLANG_WARN_UNREACHABLE_CODE = YES;
				CLANG_WARN__DUPLICATE_METHOD_MATCH = YES;
				COPY_PHASE_STRIP = NO;
				DEBUG_INFORMATION_FORMAT = "dwarf-with-dsym";
				ENABLE_NS_ASSERTIONS = NO;
				ENABLE_STRICT_OBJC_MSGSEND = YES;
				GCC_C_LANGUAGE_STANDARD = gnu11;
				GCC_NO_COMMON_BLOCKS = YES;
				GCC_WARN_64_TO_32_BIT_CONVERSION = YES;
				GCC_WARN_ABOUT_RETURN_TYPE = YES_ERROR;
				GCC_WARN_UNDECLARED_SELECTOR = YES;
				GCC_WARN_UNINITIALIZED_AUTOS = YES_AGGRESSIVE;
				GCC_WARN_UNUSED_FUNCTION = YES;
				GCC_WARN_UNUSED_VARIABLE = YES;
				IPHONEOS_DEPLOYMENT_TARGET = 16.1;
				MTL_ENABLE_DEBUG_INFO = NO;
				MTL_FAST_MATH = YES;
				SDKROOT = iphoneos;
				SWIFT_COMPILATION_MODE = wholemodule;
				SWIFT_OPTIMIZATION_LEVEL = "-O";
				VALIDATE_PRODUCT = YES;
			};
			name = Release;
		};
		500DDA2129254E440057FB75 /* Debug */ = {
			isa = XCBuildConfiguration;
			buildSettings = {
				ASSETCATALOG_COMPILER_APPICON_NAME = AppIcon;
				ASSETCATALOG_COMPILER_GLOBAL_ACCENT_COLOR_NAME = AccentColor;
				CODE_SIGN_STYLE = Automatic;
				CURRENT_PROJECT_VERSION = 1;
				DEVELOPMENT_TEAM = ZF9YFRTD7G;
				GENERATE_INFOPLIST_FILE = YES;
				INFOPLIST_FILE = "Love&Sex&Memories/Helpers/Info.plist";
				INFOPLIST_KEY_UIApplicationSupportsIndirectInputEvents = YES;
				INFOPLIST_KEY_UILaunchStoryboardName = LaunchScreen;
				INFOPLIST_KEY_UISupportedInterfaceOrientations_iPad = "UIInterfaceOrientationPortrait UIInterfaceOrientationPortraitUpsideDown UIInterfaceOrientationLandscapeLeft UIInterfaceOrientationLandscapeRight";
				INFOPLIST_KEY_UISupportedInterfaceOrientations_iPhone = "UIInterfaceOrientationPortrait UIInterfaceOrientationLandscapeLeft UIInterfaceOrientationLandscapeRight";
				LD_RUNPATH_SEARCH_PATHS = (
					"$(inherited)",
					"@executable_path/Frameworks",
				);
				MARKETING_VERSION = 1.0;
				PRODUCT_BUNDLE_IDENTIFIER = "udenjordisk.Love-Sex-Memories";
				PRODUCT_NAME = "$(TARGET_NAME)";
				SWIFT_EMIT_LOC_STRINGS = YES;
				SWIFT_VERSION = 5.0;
				TARGETED_DEVICE_FAMILY = "1,2";
			};
			name = Debug;
		};
		500DDA2229254E440057FB75 /* Release */ = {
			isa = XCBuildConfiguration;
			buildSettings = {
				ASSETCATALOG_COMPILER_APPICON_NAME = AppIcon;
				ASSETCATALOG_COMPILER_GLOBAL_ACCENT_COLOR_NAME = AccentColor;
				CODE_SIGN_STYLE = Automatic;
				CURRENT_PROJECT_VERSION = 1;
				DEVELOPMENT_TEAM = ZF9YFRTD7G;
				GENERATE_INFOPLIST_FILE = YES;
				INFOPLIST_FILE = "Love&Sex&Memories/Helpers/Info.plist";
				INFOPLIST_KEY_UIApplicationSupportsIndirectInputEvents = YES;
				INFOPLIST_KEY_UILaunchStoryboardName = LaunchScreen;
				INFOPLIST_KEY_UISupportedInterfaceOrientations_iPad = "UIInterfaceOrientationPortrait UIInterfaceOrientationPortraitUpsideDown UIInterfaceOrientationLandscapeLeft UIInterfaceOrientationLandscapeRight";
				INFOPLIST_KEY_UISupportedInterfaceOrientations_iPhone = "UIInterfaceOrientationPortrait UIInterfaceOrientationLandscapeLeft UIInterfaceOrientationLandscapeRight";
				LD_RUNPATH_SEARCH_PATHS = (
					"$(inherited)",
					"@executable_path/Frameworks",
				);
				MARKETING_VERSION = 1.0;
				PRODUCT_BUNDLE_IDENTIFIER = "udenjordisk.Love-Sex-Memories";
				PRODUCT_NAME = "$(TARGET_NAME)";
				SWIFT_EMIT_LOC_STRINGS = YES;
				SWIFT_VERSION = 5.0;
				TARGETED_DEVICE_FAMILY = "1,2";
			};
			name = Release;
		};
/* End XCBuildConfiguration section */

/* Begin XCConfigurationList section */
		500DDA0729254E420057FB75 /* Build configuration list for PBXProject "Love&Sex&Memories" */ = {
			isa = XCConfigurationList;
			buildConfigurations = (
				500DDA1E29254E440057FB75 /* Debug */,
				500DDA1F29254E440057FB75 /* Release */,
			);
			defaultConfigurationIsVisible = 0;
			defaultConfigurationName = Release;
		};
		500DDA2029254E440057FB75 /* Build configuration list for PBXNativeTarget "Love&Sex&Memories" */ = {
			isa = XCConfigurationList;
			buildConfigurations = (
				500DDA2129254E440057FB75 /* Debug */,
				500DDA2229254E440057FB75 /* Release */,
			);
			defaultConfigurationIsVisible = 0;
			defaultConfigurationName = Release;
		};
/* End XCConfigurationList section */
	};
	rootObject = 500DDA0429254E420057FB75 /* Project object */;
}
